
Microsoft Visual Studio Solution File, Format Version 12.00
Project("{2150E333-8FDC-42A3-9474-1A3956D46DE8}") = "SourceGenerationExample", "SourceGenerationExample", "{C1715211-558D-EEFB-5646-F7235E882725}"
EndProject
Project("{FAE04EC0-301F-11D3-BF4B-00C04F79EFBC}") = "Generator.Tests", "SourceGenerationExample\Generator.Tests\Generator.Tests.csproj", "{F3AC747A-E890-4E60-9432-F42A961F4896}"
EndProject
Project("{FAE04EC0-301F-11D3-BF4B-00C04F79EFBC}") = "Generator.Sample", "SourceGenerationExample\Generator.Sample\Generator.Sample.csproj", "{08C0FEBD-297F-4582-91A8-98E942C9A87F}"
EndProject
Project("{FAE04EC0-301F-11D3-BF4B-00C04F79EFBC}") = "Generator", "SourceGenerationExample\Generator\Generator.csproj", "{A57DFAE4-C8F9-422F-9438-A43AD7538834}"
EndProject
Project("{FAE04EC0-301F-11D3-BF4B-00C04F79EFBC}") = "NavArgs.Abstractions", "NavArgs.Abstractions\NavArgs.Abstractions.csproj", "{9D1FA9A0-A269-4C0F-B544-43F32B6C7693}"
EndProject
Global
	GlobalSection(SolutionConfigurationPlatforms) = preSolution
		Debug|Any CPU = Debug|Any CPU
		Debug|x64 = Debug|x64
		Debug|x86 = Debug|x86
		Release|Any CPU = Release|Any CPU
		Release|x64 = Release|x64
		Release|x86 = Release|x86
	EndGlobalSection
	GlobalSection(ProjectConfigurationPlatforms) = postSolution
		{F3AC747A-E890-4E60-9432-F42A961F4896}.Debug|Any CPU.ActiveCfg = Debug|Any CPU
		{F3AC747A-E890-4E60-9432-F42A961F4896}.Debug|Any CPU.Build.0 = Debug|Any CPU
		{F3AC747A-E890-4E60-9432-F42A961F4896}.Debug|x64.ActiveCfg = Debug|Any CPU
		{F3AC747A-E890-4E60-9432-F42A961F4896}.Debug|x64.Build.0 = Debug|Any CPU
		{F3AC747A-E890-4E60-9432-F42A961F4896}.Debug|x86.ActiveCfg = Debug|Any CPU
		{F3AC747A-E890-4E60-9432-F42A961F4896}.Debug|x86.Build.0 = Debug|Any CPU
		{F3AC747A-E890-4E60-9432-F42A961F4896}.Release|Any CPU.ActiveCfg = Release|Any CPU
		{F3AC747A-E890-4E60-9432-F42A961F4896}.Release|Any CPU.Build.0 = Release|Any CPU
		{F3AC747A-E890-4E60-9432-F42A961F4896}.Release|x64.ActiveCfg = Release|Any CPU
		{F3AC747A-E890-4E60-9432-F42A961F4896}.Release|x64.Build.0 = Release|Any CPU
		{F3AC747A-E890-4E60-9432-F42A961F4896}.Release|x86.ActiveCfg = Release|Any CPU
		{F3AC747A-E890-4E60-9432-F42A961F4896}.Release|x86.Build.0 = Release|Any CPU
		{08C0FEBD-297F-4582-91A8-98E942C9A87F}.Debug|Any CPU.ActiveCfg = Debug|Any CPU
		{08C0FEBD-297F-4582-91A8-98E942C9A87F}.Debug|Any CPU.Build.0 = Debug|Any CPU
		{08C0FEBD-297F-4582-91A8-98E942C9A87F}.Debug|x64.ActiveCfg = Debug|Any CPU
		{08C0FEBD-297F-4582-91A8-98E942C9A87F}.Debug|x64.Build.0 = Debug|Any CPU
		{08C0FEBD-297F-4582-91A8-98E942C9A87F}.Debug|x86.ActiveCfg = Debug|Any CPU
		{08C0FEBD-297F-4582-91A8-98E942C9A87F}.Debug|x86.Build.0 = Debug|Any CPU
		{08C0FEBD-297F-4582-91A8-98E942C9A87F}.Release|Any CPU.ActiveCfg = Release|Any CPU
		{08C0FEBD-297F-4582-91A8-98E942C9A87F}.Release|Any CPU.Build.0 = Release|Any CPU
		{08C0FEBD-297F-4582-91A8-98E942C9A87F}.Release|x64.ActiveCfg = Release|Any CPU
		{08C0FEBD-297F-4582-91A8-98E942C9A87F}.Release|x64.Build.0 = Release|Any CPU
		{08C0FEBD-297F-4582-91A8-98E942C9A87F}.Release|x86.ActiveCfg = Release|Any CPU
		{08C0FEBD-297F-4582-91A8-98E942C9A87F}.Release|x86.Build.0 = Release|Any CPU
		{A57DFAE4-C8F9-422F-9438-A43AD7538834}.Debug|Any CPU.ActiveCfg = Debug|Any CPU
		{A57DFAE4-C8F9-422F-9438-A43AD7538834}.Debug|Any CPU.Build.0 = Debug|Any CPU
		{A57DFAE4-C8F9-422F-9438-A43AD7538834}.Debug|x64.ActiveCfg = Debug|Any CPU
		{A57DFAE4-C8F9-422F-9438-A43AD7538834}.Debug|x64.Build.0 = Debug|Any CPU
		{A57DFAE4-C8F9-422F-9438-A43AD7538834}.Debug|x86.ActiveCfg = Debug|Any CPU
		{A57DFAE4-C8F9-422F-9438-A43AD7538834}.Debug|x86.Build.0 = Debug|Any CPU
		{A57DFAE4-C8F9-422F-9438-A43AD7538834}.Release|Any CPU.ActiveCfg = Release|Any CPU
		{A57DFAE4-C8F9-422F-9438-A43AD7538834}.Release|Any CPU.Build.0 = Release|Any CPU
		{A57DFAE4-C8F9-422F-9438-A43AD7538834}.Release|x64.ActiveCfg = Release|Any CPU
		{A57DFAE4-C8F9-422F-9438-A43AD7538834}.Release|x64.Build.0 = Release|Any CPU
		{A57DFAE4-C8F9-422F-9438-A43AD7538834}.Release|x86.ActiveCfg = Release|Any CPU
		{A57DFAE4-C8F9-422F-9438-A43AD7538834}.Release|x86.Build.0 = Release|Any CPU
		{9D1FA9A0-A269-4C0F-B544-43F32B6C7693}.Debug|Any CPU.ActiveCfg = Debug|Any CPU
		{9D1FA9A0-A269-4C0F-B544-43F32B6C7693}.Debug|Any CPU.Build.0 = Debug|Any CPU
		{9D1FA9A0-A269-4C0F-B544-43F32B6C7693}.Debug|x64.ActiveCfg = Debug|Any CPU
		{9D1FA9A0-A269-4C0F-B544-43F32B6C7693}.Debug|x64.Build.0 = Debug|Any CPU
		{9D1FA9A0-A269-4C0F-B544-43F32B6C7693}.Debug|x86.ActiveCfg = Debug|Any CPU
		{9D1FA9A0-A269-4C0F-B544-43F32B6C7693}.Debug|x86.Build.0 = Debug|Any CPU
		{9D1FA9A0-A269-4C0F-B544-43F32B6C7693}.Release|Any CPU.ActiveCfg = Release|Any CPU
		{9D1FA9A0-A269-4C0F-B544-43F32B6C7693}.Release|Any CPU.Build.0 = Release|Any CPU
		{9D1FA9A0-A269-4C0F-B544-43F32B6C7693}.Release|x64.ActiveCfg = Release|Any CPU
		{9D1FA9A0-A269-4C0F-B544-43F32B6C7693}.Release|x64.Build.0 = Release|Any CPU
		{9D1FA9A0-A269-4C0F-B544-43F32B6C7693}.Release|x86.ActiveCfg = Release|Any CPU
		{9D1FA9A0-A269-4C0F-B544-43F32B6C7693}.Release|x86.Build.0 = Release|Any CPU
	EndGlobalSection
	GlobalSection(SolutionProperties) = preSolution
		HideSolutionNode = FALSE
	EndGlobalSection
	GlobalSection(NestedProjects) = preSolution
		{F3AC747A-E890-4E60-9432-F42A961F4896} = {C1715211-558D-EEFB-5646-F7235E882725}
		{08C0FEBD-297F-4582-91A8-98E942C9A87F} = {C1715211-558D-EEFB-5646-F7235E882725}
		{A57DFAE4-C8F9-422F-9438-A43AD7538834} = {C1715211-558D-EEFB-5646-F7235E882725}
	EndGlobalSection
EndGlobal
